
Microsoft Visual Studio Solution File, Format Version 12.00
# Visual Studio 2012
Project("{FAE04EC0-301F-11D3-BF4B-00C04F79EFBC}") = "1. Fit Boxes", "1. Fit Boxes\1. Fit Boxes.csproj", "{2BC7C12E-CB63-4315-9092-97D221AC21F5}"
EndProject
Project("{FAE04EC0-301F-11D3-BF4B-00C04F79EFBC}") = "2. SequenceOfNumbers", "2. SequenceOfNumbers\2. SequenceOfNumbers.csproj", "{C832C3BC-A53C-4B95-ADC6-3D386966274F}"
EndProject
Project("{FAE04EC0-301F-11D3-BF4B-00C04F79EFBC}") = "2. Sequence2", "2. Sequence2\2. Sequence2.csproj", "{26D59E4D-B5EB-478D-86E2-FEE27C244828}"
EndProject
Project("{FAE04EC0-301F-11D3-BF4B-00C04F79EFBC}") = "3. Disk", "3. Disk\3. Disk.csproj", "{2F783121-2477-4B17-A86D-518DCAB90D6F}"
EndProject
Project("{FAE04EC0-301F-11D3-BF4B-00C04F79EFBC}") = "3. Poker-Streight", "3. Poker-Streight\3. Poker-Streight.csproj", "{AAC0B10F-3F25-41A5-A4F2-A620D273D975}"
EndProject
Project("{FAE04EC0-301F-11D3-BF4B-00C04F79EFBC}") = "5. Friend_Bits", "5. Friend_Bits\5. Friend_Bits.csproj", "{94144480-DDA8-427A-90A7-AA0556747616}"
EndProject
Global
	GlobalSection(SolutionConfigurationPlatforms) = preSolution
		Debug|Any CPU = Debug|Any CPU
		Release|Any CPU = Release|Any CPU
	EndGlobalSection
	GlobalSection(ProjectConfigurationPlatforms) = postSolution
		{2BC7C12E-CB63-4315-9092-97D221AC21F5}.Debug|Any CPU.ActiveCfg = Debug|Any CPU
		{2BC7C12E-CB63-4315-9092-97D221AC21F5}.Debug|Any CPU.Build.0 = Debug|Any CPU
		{2BC7C12E-CB63-4315-9092-97D221AC21F5}.Release|Any CPU.ActiveCfg = Release|Any CPU
		{2BC7C12E-CB63-4315-9092-97D221AC21F5}.Release|Any CPU.Build.0 = Release|Any CPU
		{C832C3BC-A53C-4B95-ADC6-3D386966274F}.Debug|Any CPU.ActiveCfg = Debug|Any CPU
		{C832C3BC-A53C-4B95-ADC6-3D386966274F}.Debug|Any CPU.Build.0 = Debug|Any CPU
		{C832C3BC-A53C-4B95-ADC6-3D386966274F}.Release|Any CPU.ActiveCfg = Release|Any CPU
		{C832C3BC-A53C-4B95-ADC6-3D386966274F}.Release|Any CPU.Build.0 = Release|Any CPU
		{26D59E4D-B5EB-478D-86E2-FEE27C244828}.Debug|Any CPU.ActiveCfg = Debug|Any CPU
		{26D59E4D-B5EB-478D-86E2-FEE27C244828}.Debug|Any CPU.Build.0 = Debug|Any CPU
		{26D59E4D-B5EB-478D-86E2-FEE27C244828}.Release|Any CPU.ActiveCfg = Release|Any CPU
		{26D59E4D-B5EB-478D-86E2-FEE27C244828}.Release|Any CPU.Build.0 = Release|Any CPU
		{2F783121-2477-4B17-A86D-518DCAB90D6F}.Debug|Any CPU.ActiveCfg = Debug|Any CPU
		{2F783121-2477-4B17-A86D-518DCAB90D6F}.Debug|Any CPU.Build.0 = Debug|Any CPU
		{2F783121-2477-4B17-A86D-518DCAB90D6F}.Release|Any CPU.ActiveCfg = Release|Any CPU
		{2F783121-2477-4B17-A86D-518DCAB90D6F}.Release|Any CPU.Build.0 = Release|Any CPU
		{AAC0B10F-3F25-41A5-A4F2-A620D273D975}.Debug|Any CPU.ActiveCfg = Debug|Any CPU
		{AAC0B10F-3F25-41A5-A4F2-A620D273D975}.Debug|Any CPU.Build.0 = Debug|Any CPU
		{AAC0B10F-3F25-41A5-A4F2-A620D273D975}.Release|Any CPU.ActiveCfg = Release|Any CPU
		{AAC0B10F-3F25-41A5-A4F2-A620D273D975}.Release|Any CPU.Build.0 = Release|Any CPU
		{94144480-DDA8-427A-90A7-AA0556747616}.Debug|Any CPU.ActiveCfg = Debug|Any CPU
		{94144480-DDA8-427A-90A7-AA0556747616}.Debug|Any CPU.Build.0 = Debug|Any CPU
		{94144480-DDA8-427A-90A7-AA0556747616}.Release|Any CPU.ActiveCfg = Release|Any CPU
		{94144480-DDA8-427A-90A7-AA0556747616}.Release|Any CPU.Build.0 = Release|Any CPU
	EndGlobalSection
	GlobalSection(SolutionProperties) = preSolution
		HideSolutionNode = FALSE
	EndGlobalSection
EndGlobal
