
Microsoft Visual Studio Solution File, Format Version 12.00
# Visual Studio Express 2013 for Windows Desktop
VisualStudioVersion = 12.0.21005.1
MinimumVisualStudioVersion = 10.0.40219.1
Project("{FAE04EC0-301F-11D3-BF4B-00C04F79EFBC}") = "1. Electricity", "1. Electricity\1. Electricity.csproj", "{2236AB4F-544E-429B-A681-308CBCF54706}"
EndProject
Project("{FAE04EC0-301F-11D3-BF4B-00C04F79EFBC}") = "2. Odd-Even-Jumps", "2. Odd-Even-Jumps\2. Odd-Even-Jumps.csproj", "{5F6591C3-61E4-4F68-8B48-27E25F703CB6}"
EndProject
Project("{FAE04EC0-301F-11D3-BF4B-00C04F79EFBC}") = "3. House-With-Window", "3. House-With-Window\3. House-With-Window.csproj", "{68485BB8-D1E4-4702-90C1-E81E7DE953DC}"
EndProject
Global
	GlobalSection(SolutionConfigurationPlatforms) = preSolution
		Debug|Any CPU = Debug|Any CPU
		Release|Any CPU = Release|Any CPU
	EndGlobalSection
	GlobalSection(ProjectConfigurationPlatforms) = postSolution
		{2236AB4F-544E-429B-A681-308CBCF54706}.Debug|Any CPU.ActiveCfg = Debug|Any CPU
		{2236AB4F-544E-429B-A681-308CBCF54706}.Debug|Any CPU.Build.0 = Debug|Any CPU
		{2236AB4F-544E-429B-A681-308CBCF54706}.Release|Any CPU.ActiveCfg = Release|Any CPU
		{2236AB4F-544E-429B-A681-308CBCF54706}.Release|Any CPU.Build.0 = Release|Any CPU
		{5F6591C3-61E4-4F68-8B48-27E25F703CB6}.Debug|Any CPU.ActiveCfg = Debug|Any CPU
		{5F6591C3-61E4-4F68-8B48-27E25F703CB6}.Debug|Any CPU.Build.0 = Debug|Any CPU
		{5F6591C3-61E4-4F68-8B48-27E25F703CB6}.Release|Any CPU.ActiveCfg = Release|Any CPU
		{5F6591C3-61E4-4F68-8B48-27E25F703CB6}.Release|Any CPU.Build.0 = Release|Any CPU
		{68485BB8-D1E4-4702-90C1-E81E7DE953DC}.Debug|Any CPU.ActiveCfg = Debug|Any CPU
		{68485BB8-D1E4-4702-90C1-E81E7DE953DC}.Debug|Any CPU.Build.0 = Debug|Any CPU
		{68485BB8-D1E4-4702-90C1-E81E7DE953DC}.Release|Any CPU.ActiveCfg = Release|Any CPU
		{68485BB8-D1E4-4702-90C1-E81E7DE953DC}.Release|Any CPU.Build.0 = Release|Any CPU
	EndGlobalSection
	GlobalSection(SolutionProperties) = preSolution
		HideSolutionNode = FALSE
	EndGlobalSection
EndGlobal
