
Microsoft Visual Studio Solution File, Format Version 12.00
# Visual Studio Express 2013 for Windows Desktop
VisualStudioVersion = 12.0.21005.1
MinimumVisualStudioVersion = 10.0.40219.1
Project("{FAE04EC0-301F-11D3-BF4B-00C04F79EFBC}") = "1. Coffee-Machine", "1. Coffee-Machine\1. Coffee-Machine.csproj", "{D017DDE5-505F-421B-B05E-B2913A816D57}"
EndProject
Project("{FAE04EC0-301F-11D3-BF4B-00C04F79EFBC}") = "2. Drunken-Numbers", "2. Drunken-Numbers\2. Drunken-Numbers.csproj", "{4D2C575F-9800-4701-A478-5396FC1B26D8}"
EndProject
Project("{FAE04EC0-301F-11D3-BF4B-00C04F79EFBC}") = "3. Fire in the Matrix", "3. Fire in the Matrix\3. Fire in the Matrix.csproj", "{31AC8FB5-BCB5-43DB-A33F-3576A40F1256}"
EndProject
Global
	GlobalSection(SolutionConfigurationPlatforms) = preSolution
		Debug|Any CPU = Debug|Any CPU
		Release|Any CPU = Release|Any CPU
	EndGlobalSection
	GlobalSection(ProjectConfigurationPlatforms) = postSolution
		{D017DDE5-505F-421B-B05E-B2913A816D57}.Debug|Any CPU.ActiveCfg = Debug|Any CPU
		{D017DDE5-505F-421B-B05E-B2913A816D57}.Debug|Any CPU.Build.0 = Debug|Any CPU
		{D017DDE5-505F-421B-B05E-B2913A816D57}.Release|Any CPU.ActiveCfg = Release|Any CPU
		{D017DDE5-505F-421B-B05E-B2913A816D57}.Release|Any CPU.Build.0 = Release|Any CPU
		{4D2C575F-9800-4701-A478-5396FC1B26D8}.Debug|Any CPU.ActiveCfg = Debug|Any CPU
		{4D2C575F-9800-4701-A478-5396FC1B26D8}.Debug|Any CPU.Build.0 = Debug|Any CPU
		{4D2C575F-9800-4701-A478-5396FC1B26D8}.Release|Any CPU.ActiveCfg = Release|Any CPU
		{4D2C575F-9800-4701-A478-5396FC1B26D8}.Release|Any CPU.Build.0 = Release|Any CPU
		{31AC8FB5-BCB5-43DB-A33F-3576A40F1256}.Debug|Any CPU.ActiveCfg = Debug|Any CPU
		{31AC8FB5-BCB5-43DB-A33F-3576A40F1256}.Debug|Any CPU.Build.0 = Debug|Any CPU
		{31AC8FB5-BCB5-43DB-A33F-3576A40F1256}.Release|Any CPU.ActiveCfg = Release|Any CPU
		{31AC8FB5-BCB5-43DB-A33F-3576A40F1256}.Release|Any CPU.Build.0 = Release|Any CPU
	EndGlobalSection
	GlobalSection(SolutionProperties) = preSolution
		HideSolutionNode = FALSE
	EndGlobalSection
EndGlobal
